
Microsoft Visual Studio Solution File, Format Version 12.00
Project("{FAE04EC0-301F-11D3-BF4B-00C04F79EFBC}") = "Artemis.Tools.PluginUploader", "Artemis.Tools.PluginUploader\Artemis.Tools.PluginUploader.csproj", "{8526CEBB-FA6C-483A-9417-A4F6D0D4B3CA}"
EndProject
Project("{2150E333-8FDC-42A3-9474-1A3956D46DE8}") = "gh-actions", "gh-actions", "{A9C12637-A442-4448-8E4F-460C6C9DB916}"
	ProjectSection(SolutionItems) = preProject
		..\.github\workflows\build.yml = ..\.github\workflows\build.yml
		..\.github\workflows\nuget.yml = ..\.github\workflows\nuget.yml
	EndProjectSection
EndProject
Global
	GlobalSection(SolutionConfigurationPlatforms) = preSolution
		Debug|Any CPU = Debug|Any CPU
		Release|Any CPU = Release|Any CPU
	EndGlobalSection
	GlobalSection(ProjectConfigurationPlatforms) = postSolution
		{8526CEBB-FA6C-483A-9417-A4F6D0D4B3CA}.Debug|Any CPU.ActiveCfg = Debug|Any CPU
		{8526CEBB-FA6C-483A-9417-A4F6D0D4B3CA}.Debug|Any CPU.Build.0 = Debug|Any CPU
		{8526CEBB-FA6C-483A-9417-A4F6D0D4B3CA}.Release|Any CPU.ActiveCfg = Release|Any CPU
		{8526CEBB-FA6C-483A-9417-A4F6D0D4B3CA}.Release|Any CPU.Build.0 = Release|Any CPU
	EndGlobalSection
EndGlobal
